
Microsoft Visual Studio Solution File, Format Version 12.00
# Visual Studio 2015
Project("{FAE04EC0-301F-11D3-BF4B-00C04F79EFBC}") = "MeshModifiers.CSharp", "MeshModifiers.CSharp.csproj", "{384CC76E-3E77-C6B7-4028-8204B0402790}"
EndProject
Project("{FAE04EC0-301F-11D3-BF4B-00C04F79EFBC}") = "MeshModifiers.CSharp.Editor", "MeshModifiers.CSharp.Editor.csproj", "{58C5101D-46FF-A5CE-4192-F0BC1AF26C7C}"
EndProject
Global
	GlobalSection(SolutionConfigurationPlatforms) = preSolution
		Debug|Any CPU = Debug|Any CPU
		Release|Any CPU = Release|Any CPU
	EndGlobalSection
	GlobalSection(ProjectConfigurationPlatforms) = postSolution
		{384CC76E-3E77-C6B7-4028-8204B0402790}.Debug|Any CPU.ActiveCfg = Debug|Any CPU
		{384CC76E-3E77-C6B7-4028-8204B0402790}.Debug|Any CPU.Build.0 = Debug|Any CPU
		{384CC76E-3E77-C6B7-4028-8204B0402790}.Release|Any CPU.ActiveCfg = Release|Any CPU
		{384CC76E-3E77-C6B7-4028-8204B0402790}.Release|Any CPU.Build.0 = Release|Any CPU
		{58C5101D-46FF-A5CE-4192-F0BC1AF26C7C}.Debug|Any CPU.ActiveCfg = Debug|Any CPU
		{58C5101D-46FF-A5CE-4192-F0BC1AF26C7C}.Debug|Any CPU.Build.0 = Debug|Any CPU
		{58C5101D-46FF-A5CE-4192-F0BC1AF26C7C}.Release|Any CPU.ActiveCfg = Release|Any CPU
		{58C5101D-46FF-A5CE-4192-F0BC1AF26C7C}.Release|Any CPU.Build.0 = Release|Any CPU
	EndGlobalSection
	GlobalSection(SolutionProperties) = preSolution
		HideSolutionNode = FALSE
	EndGlobalSection
EndGlobal
